{
  "pins" : [
    {
      "identity" : "alamofire",
      "kind" : "remoteSourceControl",
      "location" : "https://github.com/Alamofire/Alamofire.git",
      "state" : {
        "revision" : "8dd85aee02e39dd280c75eef88ffdb86eed4b07b",
        "version" : "5.6.2"
      }
    },
    {
      "identity" : "alerttoast",
      "kind" : "remoteSourceControl",
      "location" : "https://github.com/Mantton/AlertToast.git",
      "state" : {
        "branch" : "master",
        "revision" : "0883c6ef99a1a824c634d09009d99813c23d50bb"
      }
    },
    {
      "identity" : "anycodable",
      "kind" : "remoteSourceControl",
      "location" : "https://github.com/Flight-School/AnyCodable",
      "state" : {
        "revision" : "862808b2070cd908cb04f9aafe7de83d35f81b05",
        "version" : "0.6.7"
      }
    },
    {
      "identity" : "ascollectionview",
      "kind" : "remoteSourceControl",
      "location" : "https://github.com/apptekstudios/ASCollectionView",
      "state" : {
        "branch" : "master",
        "revision" : "4578b87570b1f5c1a11a13feefde9b5055ef9841"
      }
    },
    {
      "identity" : "bettersafariview",
      "kind" : "remoteSourceControl",
      "location" : "https://github.com/stleamist/BetterSafariView.git",
      "state" : {
        "branch" : "main",
        "revision" : "9c051d20dbb50fa61d014d87b4ab6c5504408a73"
      }
    },
    {
      "identity" : "cryptoswift",
      "kind" : "remoteSourceControl",
      "location" : "https://github.com/krzyzanowskim/CryptoSwift.git",
      "state" : {
        "revision" : "039f56c5d7960f277087a0be51f5eb04ed0ec073",
        "version" : "1.5.1"
      }
    },
    {
      "identity" : "differencekit",
      "kind" : "remoteSourceControl",
      "location" : "https://github.com/ra1028/DifferenceKit",
      "state" : {
        "revision" : "073b9671ce2b9b5b96398611427a1f929927e428",
        "version" : "1.3.0"
      }
    },
    {
      "identity" : "fuzi",
      "kind" : "remoteSourceControl",
      "location" : "https://github.com/cezheng/Fuzi.git",
      "state" : {
        "revision" : "f08c8323da21e985f3772610753bcfc652c2103f",
        "version" : "3.1.3"
      }
    },
    {
      "identity" : "gcdwebserver",
      "kind" : "remoteSourceControl",
      "location" : "https://github.com/readium/GCDWebServer.git",
      "state" : {
        "revision" : "3ec154d358f26858071feaa6429e0f1c16bb11bd",
        "version" : "3.7.3"
      }
    },
    {
      "identity" : "keychain-swift",
      "kind" : "remoteSourceControl",
      "location" : "https://github.com/evgenyneu/keychain-swift.git",
      "state" : {
        "branch" : "master",
        "revision" : "32a99b537d1c6f3529a08257c28a5feb70c0c5af"
      }
    },
    {
      "identity" : "kingfisher",
      "kind" : "remoteSourceControl",
      "location" : "https://github.com/onevcat/Kingfisher.git",
      "state" : {
        "revision" : "017f94ccfdacabb1ae7f45b75b4217b24c06e6ac",
        "version" : "7.4.0"
      }
    },
    {
      "identity" : "nuke",
      "kind" : "remoteSourceControl",
      "location" : "https://github.com/kean/Nuke",
      "state" : {
        "branch" : "master",
        "revision" : "792ad1f4452a026af9f747658e86c28ae33fb9bd"
      }
    },
    {
      "identity" : "partialsheet",
      "kind" : "remoteSourceControl",
      "location" : "https://github.com/AndreaMiotto/PartialSheet.git",
      "state" : {
        "branch" : "master",
        "revision" : "415fafa8ed719613b3abc787d52a8aa32a4998b9"
      }
    },
    {
      "identity" : "realm-core",
      "kind" : "remoteSourceControl",
      "location" : "https://github.com/realm/realm-core",
      "state" : {
        "revision" : "b86d2107fec4246b55af24a3b11e00275575f808",
        "version" : "12.9.0"
      }
    },
    {
      "identity" : "realm-swift",
      "kind" : "remoteSourceControl",
      "location" : "https://github.com/realm/realm-swift.git",
      "state" : {
        "branch" : "master",
        "revision" : "a3bfcd60c5179d9a46e5658555deab1dee0a341b"
      }
    },
    {
      "identity" : "sqlite.swift",
      "kind" : "remoteSourceControl",
      "location" : "https://github.com/stephencelis/SQLite.swift.git",
      "state" : {
        "revision" : "4d543d811ee644fa4cc4bfa0be996b4dd6ba0f54",
        "version" : "0.13.3"
      }
    },
    {
      "identity" : "swift-toolkit",
      "kind" : "remoteSourceControl",
      "location" : "https://github.com/readium/swift-toolkit",
      "state" : {
        "revision" : "e1735017b7c46ac62599e63adde961367a987b6f",
        "version" : "2.4.0"
      }
    },
    {
      "identity" : "swiftsoup",
      "kind" : "remoteSourceControl",
      "location" : "https://github.com/scinfu/SwiftSoup.git",
      "state" : {
        "revision" : "6778575285177365cbad3e5b8a72f2a20583cfec",
        "version" : "2.4.3"
      }
    },
    {
      "identity" : "unrar.swift",
      "kind" : "remoteSourceControl",
      "location" : "https://github.com/mtgto/Unrar.swift",
      "state" : {
        "revision" : "88e805e74744bd3f2d2ef9e48fbdf62acfa6c62c",
        "version" : "0.3.11"
      }
    },
    {
      "identity" : "zip",
      "kind" : "remoteSourceControl",
      "location" : "https://github.com/marmelroy/Zip.git",
      "state" : {
        "revision" : "67fa55813b9e7b3b9acee9c0ae501def28746d76",
        "version" : "2.1.2"
      }
    },
    {
      "identity" : "zipfoundation",
      "kind" : "remoteSourceControl",
      "location" : "https://github.com/weichsel/ZIPFoundation",
      "state" : {
        "revision" : "ec32d62d412578542c0ffb7a6ce34d3e64b43b94",
        "version" : "0.9.11"
      }
    }
  ],
  "version" : 2
}
